Microsoft Visual Studio Solution File, Format Version 12.00
# Visual Studio Version 17
VisualStudioVersion = 17.5.2.0
MinimumVisualStudioVersion = 10.0.40219.1
Project("{2150E333-8FDC-42A3-9474-1A3956D46DE8}") = "Before_M1", "Before_M1", "{F5D104C0-E4D3-A5D2-611A-E7A1A339FEA5}"
EndProject
Project("{2150E333-8FDC-42A3-9474-1A3956D46DE8}") = "Questions", "Questions", "{AB2685FA-FE15-6072-975D-5229BCA5A58F}"
EndProject
Project("{FAE04EC0-301F-11D3-BF4B-00C04F79EFBC}") = "AirlineBookingFare", "Before_M1\AirlineBookingFare\AirlineBookingFare.csproj", "{B735DD0E-9247-9F07-1428-41DF519C96C3}"
EndProject
Project("{FAE04EC0-301F-11D3-BF4B-00C04F79EFBC}") = "BankingTransactionRisk", "Before_M1\BankingTransactionRisk\BankingTransactionRisk.csproj", "{EB297533-221E-513A-7E4E-5412CCCAD123}"
EndProject
Project("{FAE04EC0-301F-11D3-BF4B-00C04F79EFBC}") = "BookStoreApp", "Before_M1\BookStoreApp\BookStoreApp.csproj", "{ADEC0A9C-BA09-6774-94FD-F8C1264EF31A}"
EndProject
Project("{FAE04EC0-301F-11D3-BF4B-00C04F79EFBC}") = "ECommerceFlashSale", "Before_M1\ECommerceFlashSale\ECommerceFlashSale.csproj", "{5251B1FF-5573-7FEE-A5F6-627E5C69B00E}"
EndProject
Project("{FAE04EC0-301F-11D3-BF4B-00C04F79EFBC}") = "HealthSyncBilling", "Before_M1\HealthSyncBilling\HealthSyncBilling.csproj", "{37512C2F-BC10-3E2E-E514-3256106414BF}"
EndProject
Project("{FAE04EC0-301F-11D3-BF4B-00C04F79EFBC}") = "HospitalEmergencyQueue", "Before_M1\HospitalEmergencyQueue\HospitalEmergencyQueue.csproj", "{F579BBE3-E917-0FFE-E603-32D053F30CD9}"
EndProject
Project("{FAE04EC0-301F-11D3-BF4B-00C04F79EFBC}") = "InventoryManagementSystem", "Before_M1\InventoryManagementSystem\InventoryManagementSystem.csproj", "{AA60FA48-276C-DA65-6024-AEA63E31B7B3}"
EndProject
Project("{FAE04EC0-301F-11D3-BF4B-00C04F79EFBC}") = "InvestmentPortfolioRisk", "Before_M1\InvestmentPortfolioRisk\InvestmentPortfolioRisk.csproj", "{3E4C29AA-733A-2734-7526-7B8513834A35}"
EndProject
Project("{FAE04EC0-301F-11D3-BF4B-00C04F79EFBC}") = "ITSupportTicketSeverity", "Before_M1\ITSupportTicketSeverity\ITSupportTicketSeverity.csproj", "{054A4CAA-DC6D-DFE8-7962-28D77CCB98EC}"
EndProject
Project("{FAE04EC0-301F-11D3-BF4B-00C04F79EFBC}") = "LibraryFineCalculation", "Before_M1\LibraryFineCalculation\LibraryFineCalculation.csproj", "{FD5EF844-27F4-3900-B025-A8385D945F53}"
EndProject
Project("{FAE04EC0-301F-11D3-BF4B-00C04F79EFBC}") = "LogisticsProShipment", "Before_M1\LogisticsProShipment\LogisticsProShipment.csproj", "{7077B40E-5D42-F4A0-63DB-49067CE9E29D}"
EndProject
Project("{FAE04EC0-301F-11D3-BF4B-00C04F79EFBC}") = "SmartWarehouseInventory", "Before_M1\SmartWarehouseInventory\SmartWarehouseInventory.csproj", "{82985EC0-25B0-E971-25C8-4633AB505D6B}"
EndProject
Project("{FAE04EC0-301F-11D3-BF4B-00C04F79EFBC}") = "TrafficViolationMonitoring", "Before_M1\TrafficViolationMonitoring\TrafficViolationMonitoring.csproj", "{6EBFF701-4F38-B826-69C7-A054B183C9F9}"
EndProject
Project("{FAE04EC0-301F-11D3-BF4B-00C04F79EFBC}") = "UniversityCourseRegistration", "Before_M1\UniversityCourseRegistration\UniversityCourseRegistration.csproj", "{15491CB2-098A-5EFA-E921-CA8D4D42A5A2}"
EndProject
Project("{FAE04EC0-301F-11D3-BF4B-00C04F79EFBC}") = "01_ConcurrentTicketBooking", "Questions\01_ConcurrentTicketBooking\01_ConcurrentTicketBooking.csproj", "{CFBA0261-06BB-E644-890C-30E33BF6C332}"
EndProject
Project("{FAE04EC0-301F-11D3-BF4B-00C04F79EFBC}") = "02_RateLimiter", "Questions\02_RateLimiter\02_RateLimiter.csproj", "{30DFA478-C55C-3235-F942-9A58045E5AB7}"
EndProject
Project("{FAE04EC0-301F-11D3-BF4B-00C04F79EFBC}") = "03_ResilientPaymentGateway", "Questions\03_ResilientPaymentGateway\03_ResilientPaymentGateway.csproj", "{163C56CC-E39E-0061-2942-87B0739A8290}"
EndProject
Project("{FAE04EC0-301F-11D3-BF4B-00C04F79EFBC}") = "04_ProducerConsumer", "Questions\04_ProducerConsumer\04_ProducerConsumer.csproj", "{8433908D-3B4A-591F-8421-93A991DF73AF}"
EndProject
Project("{FAE04EC0-301F-11D3-BF4B-00C04F79EFBC}") = "05_LargeFileLogAnalyzer", "Questions\05_LargeFileLogAnalyzer\05_LargeFileLogAnalyzer.csproj", "{A921EAB7-76E0-065F-4B6F-2EF653AC37C9}"
EndProject
Project("{FAE04EC0-301F-11D3-BF4B-00C04F79EFBC}") = "06_TransactionalMoneyTransfer", "Questions\06_TransactionalMoneyTransfer\06_TransactionalMoneyTransfer.csproj", "{68A05BFA-0CE2-8B49-1FDC-0B55BC0A7C1A}"
EndProject
Project("{FAE04EC0-301F-11D3-BF4B-00C04F79EFBC}") = "07_JsonBatchValidation", "Questions\07_JsonBatchValidation\07_JsonBatchValidation.csproj", "{4AEAA46A-4C12-FEBC-E0AB-53203DC66C9E}"
EndProject
Project("{FAE04EC0-301F-11D3-BF4B-00C04F79EFBC}") = "08_CacheWithTTL", "Questions\08_CacheWithTTL\08_CacheWithTTL.csproj", "{A2844012-E0E6-6744-4CC2-EE8E01DD421C}"
EndProject
Project("{FAE04EC0-301F-11D3-BF4B-00C04F79EFBC}") = "09_ParallelDataAggregation", "Questions\09_ParallelDataAggregation\09_ParallelDataAggregation.csproj", "{A89BBC0A-C82E-52AD-56C9-6EF31B88542D}"
EndProject
Project("{2150E333-8FDC-42A3-9474-1A3956D46DE8}") = "10_CommandPattern", "10_CommandPattern", "{EF966C2C-F793-6FD6-01B0-C50E932F8F95}"
EndProject
Project("{FAE04EC0-301F-11D3-BF4B-00C04F79EFBC}") = "CommandPattern", "Questions\10_CommandPattern\CommandPattern.csproj", "{57CA044B-157C-B668-5915-FEEC34D59786}"
EndProject
Project("{FAE04EC0-301F-11D3-BF4B-00C04F79EFBC}") = "11_DeadlockFreeBankLocks", "Questions\11_DeadlockFreeBankLocks\11_DeadlockFreeBankLocks.csproj", "{ABF3FD01-AB17-0A5C-9109-B4B0B9497F97}"
EndProject
Project("{FAE04EC0-301F-11D3-BF4B-00C04F79EFBC}") = "12_WorkflowEngine", "Questions\12_WorkflowEngine\12_WorkflowEngine.csproj", "{6BEC21B7-BBAC-C538-A7F7-347DFEDC5B86}"
EndProject
Project("{FAE04EC0-301F-11D3-BF4B-00C04F79EFBC}") = "13_CsvImportPartialSuccess", "Questions\13_CsvImportPartialSuccess\13_CsvImportPartialSuccess.csproj", "{8CAA9A74-04AF-9C3D-FD58-F6541F484222}"
EndProject
Project("{2150E333-8FDC-42A3-9474-1A3956D46DE8}") = "14_SecurePasswordStorage", "14_SecurePasswordStorage", "{BC65136B-B8B2-AC6E-799E-9343D5A409ED}"
EndProject
Project("{FAE04EC0-301F-11D3-BF4B-00C04F79EFBC}") = "SecurePasswordStorage", "Questions\14_SecurePasswordStorage\SecurePasswordStorage.csproj", "{646A2237-8E69-5431-D8C6-5D4AB541BC22}"
EndProject
Project("{2150E333-8FDC-42A3-9474-1A3956D46DE8}") = "15_CustomLinqExtensions", "15_CustomLinqExtensions", "{8CF80FF8-3DE3-EA66-9F08-968E24F181F2}"
EndProject
Project("{FAE04EC0-301F-11D3-BF4B-00C04F79EFBC}") = "CustomLinqExtensions", "Questions\15_CustomLinqExtensions\CustomLinqExtensions.csproj", "{FA4C3AD5-2E74-C3DC-9A6D-CF0F0A808961}"
EndProject
Project("{FAE04EC0-301F-11D3-BF4B-00C04F79EFBC}") = "16_MultiTenantReportGenerator", "Questions\16_MultiTenantReportGenerator\16_MultiTenantReportGenerator.csproj", "{1700E822-571F-DA8B-879D-20B95C56215B}"
EndProject
Project("{FAE04EC0-301F-11D3-BF4B-00C04F79EFBC}") = "17_AsyncPipelineOrdering", "Questions\17_AsyncPipelineOrdering\17_AsyncPipelineOrdering.csproj", "{6DA87661-761B-2D4F-66C1-AD7782A2FD78}"
EndProject
Project("{FAE04EC0-301F-11D3-BF4B-00C04F79EFBC}") = "18_DuplicateDetectionFuzzy", "Questions\18_DuplicateDetectionFuzzy\18_DuplicateDetectionFuzzy.csproj", "{5D2308E3-98E0-4550-61C9-6974D874FE4E}"
EndProject
Project("{FAE04EC0-301F-11D3-BF4B-00C04F79EFBC}") = "19_AuditTriggerSimulation", "Questions\19_AuditTriggerSimulation\19_AuditTriggerSimulation.csproj", "{379DAB7E-39BA-083A-ACE5-7514E4C72140}"
EndProject
Project("{FAE04EC0-301F-11D3-BF4B-00C04F79EFBC}") = "20_RoleBasedAccessControl", "Questions\20_RoleBasedAccessControl\20_RoleBasedAccessControl.csproj", "{304B4C4A-92E3-A63A-D200-E209D496D7FD}"
EndProject
Project("{FAE04EC0-301F-11D3-BF4B-00C04F79EFBC}") = "21_BulkEmailSenderThrottling", "Questions\21_BulkEmailSenderThrottling\21_BulkEmailSenderThrottling.csproj", "{B75B64C3-BCBE-9714-738D-3AC3BAAA36A9}"
EndProject
Project("{FAE04EC0-301F-11D3-BF4B-00C04F79EFBC}") = "22_FraudPatternDetection", "Questions\22_FraudPatternDetection\22_FraudPatternDetection.csproj", "{28A3ED91-32F0-3D4A-F2BC-B7F8335C9EE8}"
EndProject
Project("{FAE04EC0-301F-11D3-BF4B-00C04F79EFBC}") = "23_PluginLoader", "Questions\23_PluginLoader\23_PluginLoader.csproj", "{B4E1D0D7-A634-60C5-0E33-69DEA14EBE97}"
EndProject
Project("{FAE04EC0-301F-11D3-BF4B-00C04F79EFBC}") = "24_ThreadSafeSingleton", "Questions\24_ThreadSafeSingleton\24_ThreadSafeSingleton.csproj", "{209A6ED8-56EF-2E46-B38F-AE7CA5024B5A}"
EndProject
Project("{FAE04EC0-301F-11D3-BF4B-00C04F79EFBC}") = "25_MiniOrderSystem", "Questions\25_MiniOrderSystem\25_MiniOrderSystem.csproj", "{74FDB263-79F5-AE57-EFDE-06CABE955EE9}"
EndProject
Global
	GlobalSection(SolutionConfigurationPlatforms) = preSolution
		Debug|Any CPU = Debug|Any CPU
		Release|Any CPU = Release|Any CPU
	EndGlobalSection
	GlobalSection(ProjectConfigurationPlatforms) = postSolution
		{B735DD0E-9247-9F07-1428-41DF519C96C3}.Debug|Any CPU.ActiveCfg = Debug|Any CPU
		{B735DD0E-9247-9F07-1428-41DF519C96C3}.Debug|Any CPU.Build.0 = Debug|Any CPU
		{B735DD0E-9247-9F07-1428-41DF519C96C3}.Release|Any CPU.ActiveCfg = Release|Any CPU
		{B735DD0E-9247-9F07-1428-41DF519C96C3}.Release|Any CPU.Build.0 = Release|Any CPU
		{EB297533-221E-513A-7E4E-5412CCCAD123}.Debug|Any CPU.ActiveCfg = Debug|Any CPU
		{EB297533-221E-513A-7E4E-5412CCCAD123}.Debug|Any CPU.Build.0 = Debug|Any CPU
		{EB297533-221E-513A-7E4E-5412CCCAD123}.Release|Any CPU.ActiveCfg = Release|Any CPU
		{EB297533-221E-513A-7E4E-5412CCCAD123}.Release|Any CPU.Build.0 = Release|Any CPU
		{ADEC0A9C-BA09-6774-94FD-F8C1264EF31A}.Debug|Any CPU.ActiveCfg = Debug|Any CPU
		{ADEC0A9C-BA09-6774-94FD-F8C1264EF31A}.Debug|Any CPU.Build.0 = Debug|Any CPU
		{ADEC0A9C-BA09-6774-94FD-F8C1264EF31A}.Release|Any CPU.ActiveCfg = Release|Any CPU
		{ADEC0A9C-BA09-6774-94FD-F8C1264EF31A}.Release|Any CPU.Build.0 = Release|Any CPU
		{5251B1FF-5573-7FEE-A5F6-627E5C69B00E}.Debug|Any CPU.ActiveCfg = Debug|Any CPU
		{5251B1FF-5573-7FEE-A5F6-627E5C69B00E}.Debug|Any CPU.Build.0 = Debug|Any CPU
		{5251B1FF-5573-7FEE-A5F6-627E5C69B00E}.Release|Any CPU.ActiveCfg = Release|Any CPU
		{5251B1FF-5573-7FEE-A5F6-627E5C69B00E}.Release|Any CPU.Build.0 = Release|Any CPU
		{37512C2F-BC10-3E2E-E514-3256106414BF}.Debug|Any CPU.ActiveCfg = Debug|Any CPU
		{37512C2F-BC10-3E2E-E514-3256106414BF}.Debug|Any CPU.Build.0 = Debug|Any CPU
		{37512C2F-BC10-3E2E-E514-3256106414BF}.Release|Any CPU.ActiveCfg = Release|Any CPU
		{37512C2F-BC10-3E2E-E514-3256106414BF}.Release|Any CPU.Build.0 = Release|Any CPU
		{F579BBE3-E917-0FFE-E603-32D053F30CD9}.Debug|Any CPU.ActiveCfg = Debug|Any CPU
		{F579BBE3-E917-0FFE-E603-32D053F30CD9}.Debug|Any CPU.Build.0 = Debug|Any CPU
		{F579BBE3-E917-0FFE-E603-32D053F30CD9}.Release|Any CPU.ActiveCfg = Release|Any CPU
		{F579BBE3-E917-0FFE-E603-32D053F30CD9}.Release|Any CPU.Build.0 = Release|Any CPU
		{AA60FA48-276C-DA65-6024-AEA63E31B7B3}.Debug|Any CPU.ActiveCfg = Debug|Any CPU
		{AA60FA48-276C-DA65-6024-AEA63E31B7B3}.Debug|Any CPU.Build.0 = Debug|Any CPU
		{AA60FA48-276C-DA65-6024-AEA63E31B7B3}.Release|Any CPU.ActiveCfg = Release|Any CPU
		{AA60FA48-276C-DA65-6024-AEA63E31B7B3}.Release|Any CPU.Build.0 = Release|Any CPU
		{3E4C29AA-733A-2734-7526-7B8513834A35}.Debug|Any CPU.ActiveCfg = Debug|Any CPU
		{3E4C29AA-733A-2734-7526-7B8513834A35}.Debug|Any CPU.Build.0 = Debug|Any CPU
		{3E4C29AA-733A-2734-7526-7B8513834A35}.Release|Any CPU.ActiveCfg = Release|Any CPU
		{3E4C29AA-733A-2734-7526-7B8513834A35}.Release|Any CPU.Build.0 = Release|Any CPU
		{054A4CAA-DC6D-DFE8-7962-28D77CCB98EC}.Debug|Any CPU.ActiveCfg = Debug|Any CPU
		{054A4CAA-DC6D-DFE8-7962-28D77CCB98EC}.Debug|Any CPU.Build.0 = Debug|Any CPU
		{054A4CAA-DC6D-DFE8-7962-28D77CCB98EC}.Release|Any CPU.ActiveCfg = Release|Any CPU
		{054A4CAA-DC6D-DFE8-7962-28D77CCB98EC}.Release|Any CPU.Build.0 = Release|Any CPU
		{FD5EF844-27F4-3900-B025-A8385D945F53}.Debug|Any CPU.ActiveCfg = Debug|Any CPU
		{FD5EF844-27F4-3900-B025-A8385D945F53}.Debug|Any CPU.Build.0 = Debug|Any CPU
		{FD5EF844-27F4-3900-B025-A8385D945F53}.Release|Any CPU.ActiveCfg = Release|Any CPU
		{FD5EF844-27F4-3900-B025-A8385D945F53}.Release|Any CPU.Build.0 = Release|Any CPU
		{7077B40E-5D42-F4A0-63DB-49067CE9E29D}.Debug|Any CPU.ActiveCfg = Debug|Any CPU
		{7077B40E-5D42-F4A0-63DB-49067CE9E29D}.Debug|Any CPU.Build.0 = Debug|Any CPU
		{7077B40E-5D42-F4A0-63DB-49067CE9E29D}.Release|Any CPU.ActiveCfg = Release|Any CPU
		{7077B40E-5D42-F4A0-63DB-49067CE9E29D}.Release|Any CPU.Build.0 = Release|Any CPU
		{82985EC0-25B0-E971-25C8-4633AB505D6B}.Debug|Any CPU.ActiveCfg = Debug|Any CPU
		{82985EC0-25B0-E971-25C8-4633AB505D6B}.Debug|Any CPU.Build.0 = Debug|Any CPU
		{82985EC0-25B0-E971-25C8-4633AB505D6B}.Release|Any CPU.ActiveCfg = Release|Any CPU
		{82985EC0-25B0-E971-25C8-4633AB505D6B}.Release|Any CPU.Build.0 = Release|Any CPU
		{6EBFF701-4F38-B826-69C7-A054B183C9F9}.Debug|Any CPU.ActiveCfg = Debug|Any CPU
		{6EBFF701-4F38-B826-69C7-A054B183C9F9}.Debug|Any CPU.Build.0 = Debug|Any CPU
		{6EBFF701-4F38-B826-69C7-A054B183C9F9}.Release|Any CPU.ActiveCfg = Release|Any CPU
		{6EBFF701-4F38-B826-69C7-A054B183C9F9}.Release|Any CPU.Build.0 = Release|Any CPU
		{15491CB2-098A-5EFA-E921-CA8D4D42A5A2}.Debug|Any CPU.ActiveCfg = Debug|Any CPU
		{15491CB2-098A-5EFA-E921-CA8D4D42A5A2}.Debug|Any CPU.Build.0 = Debug|Any CPU
		{15491CB2-098A-5EFA-E921-CA8D4D42A5A2}.Release|Any CPU.ActiveCfg = Release|Any CPU
		{15491CB2-098A-5EFA-E921-CA8D4D42A5A2}.Release|Any CPU.Build.0 = Release|Any CPU
		{CFBA0261-06BB-E644-890C-30E33BF6C332}.Debug|Any CPU.ActiveCfg = Debug|Any CPU
		{CFBA0261-06BB-E644-890C-30E33BF6C332}.Debug|Any CPU.Build.0 = Debug|Any CPU
		{CFBA0261-06BB-E644-890C-30E33BF6C332}.Release|Any CPU.ActiveCfg = Release|Any CPU
		{CFBA0261-06BB-E644-890C-30E33BF6C332}.Release|Any CPU.Build.0 = Release|Any CPU
		{30DFA478-C55C-3235-F942-9A58045E5AB7}.Debug|Any CPU.ActiveCfg = Debug|Any CPU
		{30DFA478-C55C-3235-F942-9A58045E5AB7}.Debug|Any CPU.Build.0 = Debug|Any CPU
		{30DFA478-C55C-3235-F942-9A58045E5AB7}.Release|Any CPU.ActiveCfg = Release|Any CPU
		{30DFA478-C55C-3235-F942-9A58045E5AB7}.Release|Any CPU.Build.0 = Release|Any CPU
		{163C56CC-E39E-0061-2942-87B0739A8290}.Debug|Any CPU.ActiveCfg = Debug|Any CPU
		{163C56CC-E39E-0061-2942-87B0739A8290}.Debug|Any CPU.Build.0 = Debug|Any CPU
		{163C56CC-E39E-0061-2942-87B0739A8290}.Release|Any CPU.ActiveCfg = Release|Any CPU
		{163C56CC-E39E-0061-2942-87B0739A8290}.Release|Any CPU.Build.0 = Release|Any CPU
		{8433908D-3B4A-591F-8421-93A991DF73AF}.Debug|Any CPU.ActiveCfg = Debug|Any CPU
		{8433908D-3B4A-591F-8421-93A991DF73AF}.Debug|Any CPU.Build.0 = Debug|Any CPU
		{8433908D-3B4A-591F-8421-93A991DF73AF}.Release|Any CPU.ActiveCfg = Release|Any CPU
		{8433908D-3B4A-591F-8421-93A991DF73AF}.Release|Any CPU.Build.0 = Release|Any CPU
		{A921EAB7-76E0-065F-4B6F-2EF653AC37C9}.Debug|Any CPU.ActiveCfg = Debug|Any CPU
		{A921EAB7-76E0-065F-4B6F-2EF653AC37C9}.Debug|Any CPU.Build.0 = Debug|Any CPU
		{A921EAB7-76E0-065F-4B6F-2EF653AC37C9}.Release|Any CPU.ActiveCfg = Release|Any CPU
		{A921EAB7-76E0-065F-4B6F-2EF653AC37C9}.Release|Any CPU.Build.0 = Release|Any CPU
		{68A05BFA-0CE2-8B49-1FDC-0B55BC0A7C1A}.Debug|Any CPU.ActiveCfg = Debug|Any CPU
		{68A05BFA-0CE2-8B49-1FDC-0B55BC0A7C1A}.Debug|Any CPU.Build.0 = Debug|Any CPU
		{68A05BFA-0CE2-8B49-1FDC-0B55BC0A7C1A}.Release|Any CPU.ActiveCfg = Release|Any CPU
		{68A05BFA-0CE2-8B49-1FDC-0B55BC0A7C1A}.Release|Any CPU.Build.0 = Release|Any CPU
		{4AEAA46A-4C12-FEBC-E0AB-53203DC66C9E}.Debug|Any CPU.ActiveCfg = Debug|Any CPU
		{4AEAA46A-4C12-FEBC-E0AB-53203DC66C9E}.Debug|Any CPU.Build.0 = Debug|Any CPU
		{4AEAA46A-4C12-FEBC-E0AB-53203DC66C9E}.Release|Any CPU.ActiveCfg = Release|Any CPU
		{4AEAA46A-4C12-FEBC-E0AB-53203DC66C9E}.Release|Any CPU.Build.0 = Release|Any CPU
		{A2844012-E0E6-6744-4CC2-EE8E01DD421C}.Debug|Any CPU.ActiveCfg = Debug|Any CPU
		{A2844012-E0E6-6744-4CC2-EE8E01DD421C}.Debug|Any CPU.Build.0 = Debug|Any CPU
		{A2844012-E0E6-6744-4CC2-EE8E01DD421C}.Release|Any CPU.ActiveCfg = Release|Any CPU
		{A2844012-E0E6-6744-4CC2-EE8E01DD421C}.Release|Any CPU.Build.0 = Release|Any CPU
		{A89BBC0A-C82E-52AD-56C9-6EF31B88542D}.Debug|Any CPU.ActiveCfg = Debug|Any CPU
		{A89BBC0A-C82E-52AD-56C9-6EF31B88542D}.Debug|Any CPU.Build.0 = Debug|Any CPU
		{A89BBC0A-C82E-52AD-56C9-6EF31B88542D}.Release|Any CPU.ActiveCfg = Release|Any CPU
		{A89BBC0A-C82E-52AD-56C9-6EF31B88542D}.Release|Any CPU.Build.0 = Release|Any CPU
		{57CA044B-157C-B668-5915-FEEC34D59786}.Debug|Any CPU.ActiveCfg = Debug|Any CPU
		{57CA044B-157C-B668-5915-FEEC34D59786}.Debug|Any CPU.Build.0 = Debug|Any CPU
		{57CA044B-157C-B668-5915-FEEC34D59786}.Release|Any CPU.ActiveCfg = Release|Any CPU
		{57CA044B-157C-B668-5915-FEEC34D59786}.Release|Any CPU.Build.0 = Release|Any CPU
		{ABF3FD01-AB17-0A5C-9109-B4B0B9497F97}.Debug|Any CPU.ActiveCfg = Debug|Any CPU
		{ABF3FD01-AB17-0A5C-9109-B4B0B9497F97}.Debug|Any CPU.Build.0 = Debug|Any CPU
		{ABF3FD01-AB17-0A5C-9109-B4B0B9497F97}.Release|Any CPU.ActiveCfg = Release|Any CPU
		{ABF3FD01-AB17-0A5C-9109-B4B0B9497F97}.Release|Any CPU.Build.0 = Release|Any CPU
		{6BEC21B7-BBAC-C538-A7F7-347DFEDC5B86}.Debug|Any CPU.ActiveCfg = Debug|Any CPU
		{6BEC21B7-BBAC-C538-A7F7-347DFEDC5B86}.Debug|Any CPU.Build.0 = Debug|Any CPU
		{6BEC21B7-BBAC-C538-A7F7-347DFEDC5B86}.Release|Any CPU.ActiveCfg = Release|Any CPU
		{6BEC21B7-BBAC-C538-A7F7-347DFEDC5B86}.Release|Any CPU.Build.0 = Release|Any CPU
		{8CAA9A74-04AF-9C3D-FD58-F6541F484222}.Debug|Any CPU.ActiveCfg = Debug|Any CPU
		{8CAA9A74-04AF-9C3D-FD58-F6541F484222}.Debug|Any CPU.Build.0 = Debug|Any CPU
		{8CAA9A74-04AF-9C3D-FD58-F6541F484222}.Release|Any CPU.ActiveCfg = Release|Any CPU
		{8CAA9A74-04AF-9C3D-FD58-F6541F484222}.Release|Any CPU.Build.0 = Release|Any CPU
		{646A2237-8E69-5431-D8C6-5D4AB541BC22}.Debug|Any CPU.ActiveCfg = Debug|Any CPU
		{646A2237-8E69-5431-D8C6-5D4AB541BC22}.Debug|Any CPU.Build.0 = Debug|Any CPU
		{646A2237-8E69-5431-D8C6-5D4AB541BC22}.Release|Any CPU.ActiveCfg = Release|Any CPU
		{646A2237-8E69-5431-D8C6-5D4AB541BC22}.Release|Any CPU.Build.0 = Release|Any CPU
		{FA4C3AD5-2E74-C3DC-9A6D-CF0F0A808961}.Debug|Any CPU.ActiveCfg = Debug|Any CPU
		{FA4C3AD5-2E74-C3DC-9A6D-CF0F0A808961}.Debug|Any CPU.Build.0 = Debug|Any CPU
		{FA4C3AD5-2E74-C3DC-9A6D-CF0F0A808961}.Release|Any CPU.ActiveCfg = Release|Any CPU
		{FA4C3AD5-2E74-C3DC-9A6D-CF0F0A808961}.Release|Any CPU.Build.0 = Release|Any CPU
		{1700E822-571F-DA8B-879D-20B95C56215B}.Debug|Any CPU.ActiveCfg = Debug|Any CPU
		{1700E822-571F-DA8B-879D-20B95C56215B}.Debug|Any CPU.Build.0 = Debug|Any CPU
		{1700E822-571F-DA8B-879D-20B95C56215B}.Release|Any CPU.ActiveCfg = Release|Any CPU
		{1700E822-571F-DA8B-879D-20B95C56215B}.Release|Any CPU.Build.0 = Release|Any CPU
		{6DA87661-761B-2D4F-66C1-AD7782A2FD78}.Debug|Any CPU.ActiveCfg = Debug|Any CPU
		{6DA87661-761B-2D4F-66C1-AD7782A2FD78}.Debug|Any CPU.Build.0 = Debug|Any CPU
		{6DA87661-761B-2D4F-66C1-AD7782A2FD78}.Release|Any CPU.ActiveCfg = Release|Any CPU
		{6DA87661-761B-2D4F-66C1-AD7782A2FD78}.Release|Any CPU.Build.0 = Release|Any CPU
		{5D2308E3-98E0-4550-61C9-6974D874FE4E}.Debug|Any CPU.ActiveCfg = Debug|Any CPU
		{5D2308E3-98E0-4550-61C9-6974D874FE4E}.Debug|Any CPU.Build.0 = Debug|Any CPU
		{5D2308E3-98E0-4550-61C9-6974D874FE4E}.Release|Any CPU.ActiveCfg = Release|Any CPU
		{5D2308E3-98E0-4550-61C9-6974D874FE4E}.Release|Any CPU.Build.0 = Release|Any CPU
		{379DAB7E-39BA-083A-ACE5-7514E4C72140}.Debug|Any CPU.ActiveCfg = Debug|Any CPU
		{379DAB7E-39BA-083A-ACE5-7514E4C72140}.Debug|Any CPU.Build.0 = Debug|Any CPU
		{379DAB7E-39BA-083A-ACE5-7514E4C72140}.Release|Any CPU.ActiveCfg = Release|Any CPU
		{379DAB7E-39BA-083A-ACE5-7514E4C72140}.Release|Any CPU.Build.0 = Release|Any CPU
		{304B4C4A-92E3-A63A-D200-E209D496D7FD}.Debug|Any CPU.ActiveCfg = Debug|Any CPU
		{304B4C4A-92E3-A63A-D200-E209D496D7FD}.Debug|Any CPU.Build.0 = Debug|Any CPU
		{304B4C4A-92E3-A63A-D200-E209D496D7FD}.Release|Any CPU.ActiveCfg = Release|Any CPU
		{304B4C4A-92E3-A63A-D200-E209D496D7FD}.Release|Any CPU.Build.0 = Release|Any CPU
		{B75B64C3-BCBE-9714-738D-3AC3BAAA36A9}.Debug|Any CPU.ActiveCfg = Debug|Any CPU
		{B75B64C3-BCBE-9714-738D-3AC3BAAA36A9}.Debug|Any CPU.Build.0 = Debug|Any CPU
		{B75B64C3-BCBE-9714-738D-3AC3BAAA36A9}.Release|Any CPU.ActiveCfg = Release|Any CPU
		{B75B64C3-BCBE-9714-738D-3AC3BAAA36A9}.Release|Any CPU.Build.0 = Release|Any CPU
		{28A3ED91-32F0-3D4A-F2BC-B7F8335C9EE8}.Debug|Any CPU.ActiveCfg = Debug|Any CPU
		{28A3ED91-32F0-3D4A-F2BC-B7F8335C9EE8}.Debug|Any CPU.Build.0 = Debug|Any CPU
		{28A3ED91-32F0-3D4A-F2BC-B7F8335C9EE8}.Release|Any CPU.ActiveCfg = Release|Any CPU
		{28A3ED91-32F0-3D4A-F2BC-B7F8335C9EE8}.Release|Any CPU.Build.0 = Release|Any CPU
		{B4E1D0D7-A634-60C5-0E33-69DEA14EBE97}.Debug|Any CPU.ActiveCfg = Debug|Any CPU
		{B4E1D0D7-A634-60C5-0E33-69DEA14EBE97}.Debug|Any CPU.Build.0 = Debug|Any CPU
		{B4E1D0D7-A634-60C5-0E33-69DEA14EBE97}.Release|Any CPU.ActiveCfg = Release|Any CPU
		{B4E1D0D7-A634-60C5-0E33-69DEA14EBE97}.Release|Any CPU.Build.0 = Release|Any CPU
		{209A6ED8-56EF-2E46-B38F-AE7CA5024B5A}.Debug|Any CPU.ActiveCfg = Debug|Any CPU
		{209A6ED8-56EF-2E46-B38F-AE7CA5024B5A}.Debug|Any CPU.Build.0 = Debug|Any CPU
		{209A6ED8-56EF-2E46-B38F-AE7CA5024B5A}.Release|Any CPU.ActiveCfg = Release|Any CPU
		{209A6ED8-56EF-2E46-B38F-AE7CA5024B5A}.Release|Any CPU.Build.0 = Release|Any CPU
		{74FDB263-79F5-AE57-EFDE-06CABE955EE9}.Debug|Any CPU.ActiveCfg = Debug|Any CPU
		{74FDB263-79F5-AE57-EFDE-06CABE955EE9}.Debug|Any CPU.Build.0 = Debug|Any CPU
		{74FDB263-79F5-AE57-EFDE-06CABE955EE9}.Release|Any CPU.ActiveCfg = Release|Any CPU
		{74FDB263-79F5-AE57-EFDE-06CABE955EE9}.Release|Any CPU.Build.0 = Release|Any CPU
	EndGlobalSection
	GlobalSection(SolutionProperties) = preSolution
		HideSolutionNode = FALSE
	EndGlobalSection
	GlobalSection(NestedProjects) = preSolution
		{B735DD0E-9247-9F07-1428-41DF519C96C3} = {F5D104C0-E4D3-A5D2-611A-E7A1A339FEA5}
		{EB297533-221E-513A-7E4E-5412CCCAD123} = {F5D104C0-E4D3-A5D2-611A-E7A1A339FEA5}
		{ADEC0A9C-BA09-6774-94FD-F8C1264EF31A} = {F5D104C0-E4D3-A5D2-611A-E7A1A339FEA5}
		{5251B1FF-5573-7FEE-A5F6-627E5C69B00E} = {F5D104C0-E4D3-A5D2-611A-E7A1A339FEA5}
		{37512C2F-BC10-3E2E-E514-3256106414BF} = {F5D104C0-E4D3-A5D2-611A-E7A1A339FEA5}
		{F579BBE3-E917-0FFE-E603-32D053F30CD9} = {F5D104C0-E4D3-A5D2-611A-E7A1A339FEA5}
		{AA60FA48-276C-DA65-6024-AEA63E31B7B3} = {F5D104C0-E4D3-A5D2-611A-E7A1A339FEA5}
		{3E4C29AA-733A-2734-7526-7B8513834A35} = {F5D104C0-E4D3-A5D2-611A-E7A1A339FEA5}
		{054A4CAA-DC6D-DFE8-7962-28D77CCB98EC} = {F5D104C0-E4D3-A5D2-611A-E7A1A339FEA5}
		{FD5EF844-27F4-3900-B025-A8385D945F53} = {F5D104C0-E4D3-A5D2-611A-E7A1A339FEA5}
		{7077B40E-5D42-F4A0-63DB-49067CE9E29D} = {F5D104C0-E4D3-A5D2-611A-E7A1A339FEA5}
		{82985EC0-25B0-E971-25C8-4633AB505D6B} = {F5D104C0-E4D3-A5D2-611A-E7A1A339FEA5}
		{6EBFF701-4F38-B826-69C7-A054B183C9F9} = {F5D104C0-E4D3-A5D2-611A-E7A1A339FEA5}
		{15491CB2-098A-5EFA-E921-CA8D4D42A5A2} = {F5D104C0-E4D3-A5D2-611A-E7A1A339FEA5}
		{CFBA0261-06BB-E644-890C-30E33BF6C332} = {AB2685FA-FE15-6072-975D-5229BCA5A58F}
		{30DFA478-C55C-3235-F942-9A58045E5AB7} = {AB2685FA-FE15-6072-975D-5229BCA5A58F}
		{163C56CC-E39E-0061-2942-87B0739A8290} = {AB2685FA-FE15-6072-975D-5229BCA5A58F}
		{8433908D-3B4A-591F-8421-93A991DF73AF} = {AB2685FA-FE15-6072-975D-5229BCA5A58F}
		{A921EAB7-76E0-065F-4B6F-2EF653AC37C9} = {AB2685FA-FE15-6072-975D-5229BCA5A58F}
		{68A05BFA-0CE2-8B49-1FDC-0B55BC0A7C1A} = {AB2685FA-FE15-6072-975D-5229BCA5A58F}
		{4AEAA46A-4C12-FEBC-E0AB-53203DC66C9E} = {AB2685FA-FE15-6072-975D-5229BCA5A58F}
		{A2844012-E0E6-6744-4CC2-EE8E01DD421C} = {AB2685FA-FE15-6072-975D-5229BCA5A58F}
		{A89BBC0A-C82E-52AD-56C9-6EF31B88542D} = {AB2685FA-FE15-6072-975D-5229BCA5A58F}
		{EF966C2C-F793-6FD6-01B0-C50E932F8F95} = {AB2685FA-FE15-6072-975D-5229BCA5A58F}
		{57CA044B-157C-B668-5915-FEEC34D59786} = {EF966C2C-F793-6FD6-01B0-C50E932F8F95}
		{ABF3FD01-AB17-0A5C-9109-B4B0B9497F97} = {AB2685FA-FE15-6072-975D-5229BCA5A58F}
		{6BEC21B7-BBAC-C538-A7F7-347DFEDC5B86} = {AB2685FA-FE15-6072-975D-5229BCA5A58F}
		{8CAA9A74-04AF-9C3D-FD58-F6541F484222} = {AB2685FA-FE15-6072-975D-5229BCA5A58F}
		{BC65136B-B8B2-AC6E-799E-9343D5A409ED} = {AB2685FA-FE15-6072-975D-5229BCA5A58F}
		{646A2237-8E69-5431-D8C6-5D4AB541BC22} = {BC65136B-B8B2-AC6E-799E-9343D5A409ED}
		{8CF80FF8-3DE3-EA66-9F08-968E24F181F2} = {AB2685FA-FE15-6072-975D-5229BCA5A58F}
		{FA4C3AD5-2E74-C3DC-9A6D-CF0F0A808961} = {8CF80FF8-3DE3-EA66-9F08-968E24F181F2}
		{1700E822-571F-DA8B-879D-20B95C56215B} = {AB2685FA-FE15-6072-975D-5229BCA5A58F}
		{6DA87661-761B-2D4F-66C1-AD7782A2FD78} = {AB2685FA-FE15-6072-975D-5229BCA5A58F}
		{5D2308E3-98E0-4550-61C9-6974D874FE4E} = {AB2685FA-FE15-6072-975D-5229BCA5A58F}
		{379DAB7E-39BA-083A-ACE5-7514E4C72140} = {AB2685FA-FE15-6072-975D-5229BCA5A58F}
		{304B4C4A-92E3-A63A-D200-E209D496D7FD} = {AB2685FA-FE15-6072-975D-5229BCA5A58F}
		{B75B64C3-BCBE-9714-738D-3AC3BAAA36A9} = {AB2685FA-FE15-6072-975D-5229BCA5A58F}
		{28A3ED91-32F0-3D4A-F2BC-B7F8335C9EE8} = {AB2685FA-FE15-6072-975D-5229BCA5A58F}
		{B4E1D0D7-A634-60C5-0E33-69DEA14EBE97} = {AB2685FA-FE15-6072-975D-5229BCA5A58F}
		{209A6ED8-56EF-2E46-B38F-AE7CA5024B5A} = {AB2685FA-FE15-6072-975D-5229BCA5A58F}
		{74FDB263-79F5-AE57-EFDE-06CABE955EE9} = {AB2685FA-FE15-6072-975D-5229BCA5A58F}
	EndGlobalSection
	GlobalSection(ExtensibilityGlobals) = postSolution
		SolutionGuid = {826D9EF1-9753-4492-981E-A31F534F0983}
	EndGlobalSection
EndGlobal
